
Microsoft Visual Studio Solution File, Format Version 12.00
# Visual Studio 15
VisualStudioVersion = 15.0.28010.2003
MinimumVisualStudioVersion = 10.0.40219.1
Project("{F184B08F-C81C-45F6-A57F-5ABD9991F28F}") = "WindowsApp1", "WindowsApp1\WindowsApp1.vbproj", "{FC2286BF-3B33-47BF-A7EB-92478744500B}"
EndProject
Global
	GlobalSection(SolutionConfigurationPlatforms) = preSolution
		Debug|Any CPU = Debug|Any CPU
		Release|Any CPU = Release|Any CPU
	EndGlobalSection
	GlobalSection(ProjectConfigurationPlatforms) = postSolution
		{FC2286BF-3B33-47BF-A7EB-92478744500B}.Debug|Any CPU.ActiveCfg = Debug|Any CPU
		{FC2286BF-3B33-47BF-A7EB-92478744500B}.Debug|Any CPU.Build.0 = Debug|Any CPU
		{FC2286BF-3B33-47BF-A7EB-92478744500B}.Release|Any CPU.ActiveCfg = Release|Any CPU
		{FC2286BF-3B33-47BF-A7EB-92478744500B}.Release|Any CPU.Build.0 = Release|Any CPU
	EndGlobalSection
	GlobalSection(SolutionProperties) = preSolution
		HideSolutionNode = FALSE
	EndGlobalSection
	GlobalSection(ExtensibilityGlobals) = postSolution
		SolutionGuid = {5FF45C97-BA0D-45D5-B381-5153527E9D8D}
	EndGlobalSection
EndGlobal
